
Microsoft Visual Studio Solution File, Format Version 11.00
# Visual Studio 2010
Project("{FAE04EC0-301F-11D3-BF4B-00C04F79EFBC}") = "AirportSimulator(27.4.2018)", "Assembly-CSharp.csproj", "{D1B608CB-C9D0-4D5C-116E-A75A4A8852FD}"
EndProject
Project("{FAE04EC0-301F-11D3-BF4B-00C04F79EFBC}") = "AirportSimulator(27.4.2018)", "Assembly-CSharp-Editor.csproj", "{C07BBC2C-D977-C1C2-9880-9BBD49D55D01}"
EndProject
Global
	GlobalSection(SolutionConfigurationPlatforms) = preSolution
		Debug|Any CPU = Debug|Any CPU
		Release|Any CPU = Release|Any CPU
	EndGlobalSection
	GlobalSection(ProjectConfigurationPlatforms) = postSolution
		{D1B608CB-C9D0-4D5C-116E-A75A4A8852FD}.Debug|Any CPU.ActiveCfg = Debug|Any CPU
		{D1B608CB-C9D0-4D5C-116E-A75A4A8852FD}.Debug|Any CPU.Build.0 = Debug|Any CPU
		{D1B608CB-C9D0-4D5C-116E-A75A4A8852FD}.Release|Any CPU.ActiveCfg = Release|Any CPU
		{D1B608CB-C9D0-4D5C-116E-A75A4A8852FD}.Release|Any CPU.Build.0 = Release|Any CPU
		{C07BBC2C-D977-C1C2-9880-9BBD49D55D01}.Debug|Any CPU.ActiveCfg = Debug|Any CPU
		{C07BBC2C-D977-C1C2-9880-9BBD49D55D01}.Debug|Any CPU.Build.0 = Debug|Any CPU
		{C07BBC2C-D977-C1C2-9880-9BBD49D55D01}.Release|Any CPU.ActiveCfg = Release|Any CPU
		{C07BBC2C-D977-C1C2-9880-9BBD49D55D01}.Release|Any CPU.Build.0 = Release|Any CPU
	EndGlobalSection
	GlobalSection(SolutionProperties) = preSolution
		HideSolutionNode = FALSE
	EndGlobalSection
	GlobalSection(MonoDevelopProperties) = preSolution
		StartupItem = Assembly-CSharp.csproj
	EndGlobalSection
EndGlobal
